
Microsoft Visual Studio Solution File, Format Version 12.00
# Visual Studio Version 16
VisualStudioVersion = 16.0.30413.136
MinimumVisualStudioVersion = 10.0.40219.1
Project("{9A19103F-16F7-4668-BE54-9A1E7A4F7556}") = "CardsLib", "EnumCards.Lib\CardsLib.csproj", "{711BA1B0-1E46-48E1-8435-CAC4C962E8A2}"
EndProject
Project("{FAE04EC0-301F-11D3-BF4B-00C04F79EFBC}") = "CardsConsole", "EnumCards.App\CardsConsole.csproj", "{D8E28CBC-B72F-4EBE-8339-C47EBC06AF96}"
EndProject
Global
	GlobalSection(SolutionConfigurationPlatforms) = preSolution
		Debug|Any CPU = Debug|Any CPU
		Release|Any CPU = Release|Any CPU
	EndGlobalSection
	GlobalSection(ProjectConfigurationPlatforms) = postSolution
		{711BA1B0-1E46-48E1-8435-CAC4C962E8A2}.Debug|Any CPU.ActiveCfg = Debug|Any CPU
		{711BA1B0-1E46-48E1-8435-CAC4C962E8A2}.Debug|Any CPU.Build.0 = Debug|Any CPU
		{711BA1B0-1E46-48E1-8435-CAC4C962E8A2}.Release|Any CPU.ActiveCfg = Release|Any CPU
		{711BA1B0-1E46-48E1-8435-CAC4C962E8A2}.Release|Any CPU.Build.0 = Release|Any CPU
		{D8E28CBC-B72F-4EBE-8339-C47EBC06AF96}.Debug|Any CPU.ActiveCfg = Debug|Any CPU
		{D8E28CBC-B72F-4EBE-8339-C47EBC06AF96}.Debug|Any CPU.Build.0 = Debug|Any CPU
		{D8E28CBC-B72F-4EBE-8339-C47EBC06AF96}.Release|Any CPU.ActiveCfg = Release|Any CPU
		{D8E28CBC-B72F-4EBE-8339-C47EBC06AF96}.Release|Any CPU.Build.0 = Release|Any CPU
	EndGlobalSection
	GlobalSection(SolutionProperties) = preSolution
		HideSolutionNode = FALSE
	EndGlobalSection
	GlobalSection(ExtensibilityGlobals) = postSolution
		SolutionGuid = {4DC06AED-68B9-4B13-A6A5-283FF0AE74FE}
	EndGlobalSection
EndGlobal
